
Microsoft Visual Studio Solution File, Format Version 12.00
# Visual Studio Version 17
VisualStudioVersion = 17.4.33122.133
MinimumVisualStudioVersion = 10.0.40219.1
Project("{FAE04EC0-301F-11D3-BF4B-00C04F79EFBC}") = "p1", "p1.csproj", "{CDD7BFAF-C741-463A-B001-14733291BB77}"
EndProject
Global
	GlobalSection(SolutionConfigurationPlatforms) = preSolution
		Debug|Any CPU = Debug|Any CPU
		Release|Any CPU = Release|Any CPU
	EndGlobalSection
	GlobalSection(ProjectConfigurationPlatforms) = postSolution
		{CDD7BFAF-C741-463A-B001-14733291BB77}.Debug|Any CPU.ActiveCfg = Debug|Any CPU
		{CDD7BFAF-C741-463A-B001-14733291BB77}.Debug|Any CPU.Build.0 = Debug|Any CPU
		{CDD7BFAF-C741-463A-B001-14733291BB77}.Release|Any CPU.ActiveCfg = Release|Any CPU
		{CDD7BFAF-C741-463A-B001-14733291BB77}.Release|Any CPU.Build.0 = Release|Any CPU
	EndGlobalSection
	GlobalSection(SolutionProperties) = preSolution
		HideSolutionNode = FALSE
	EndGlobalSection
	GlobalSection(ExtensibilityGlobals) = postSolution
		SolutionGuid = {CB20D323-2C0C-4A78-9759-1997E6998225}
	EndGlobalSection
EndGlobal
